<?xml version="1.0" encoding="UTF-8"?>
<Scheme
   version = "1.3">
   <BuildAction>
      <BuildActionEntries>
         <BuildActionEntry
            buildForRunning = "YES">
            <BuildableReference
               BuildableIdentifier = "primary"
               BlueprintIdentifier = "171AC28D2076770E000AFAAF"
               BuildableName = "SharkDevelopTestTask.app"
               BlueprintName = "SharkDevelopTestTask"
               ReferencedContainer = "container:SharkDevelopTestTask.xcodeproj">
            </BuildableReference>
         </BuildActionEntry>
      </BuildActionEntries>
   </BuildAction>
   <LaunchAction
      useCustomWorkingDirectory = "NO"
      buildConfiguration = "Debug"
      allowLocationSimulation = "YES">
      <BuildableProductRunnable>
         <BuildableReference
            BuildableIdentifier = "primary"
            BlueprintIdentifier = "171AC28D2076770E000AFAAF"
            BuildableName = "SharkDevelopTestTask.app"
            BlueprintName = "SharkDevelopTestTask"
            ReferencedContainer = "container:SharkDevelopTestTask.xcodeproj">
         </BuildableReference>
      </BuildableProductRunnable>
   </LaunchAction>
</Scheme>
